
Microsoft Visual Studio Solution File, Format Version 12.00
# Visual Studio Version 17
VisualStudioVersion = 17.8.34525.116
MinimumVisualStudioVersion = 10.0.40219.1
Project("{FAE04EC0-301F-11D3-BF4B-00C04F79EFBC}") = "DZI_Denis_Tanev", "DZI_Denis_Tanev\DZI_Denis_Tanev.csproj", "{11763B00-3172-49F9-9FEF-380CBE353CE5}"
EndProject
Global
	GlobalSection(SolutionConfigurationPlatforms) = preSolution
		Debug|Any CPU = Debug|Any CPU
		Release|Any CPU = Release|Any CPU
	EndGlobalSection
	GlobalSection(ProjectConfigurationPlatforms) = postSolution
		{11763B00-3172-49F9-9FEF-380CBE353CE5}.Debug|Any CPU.ActiveCfg = Debug|Any CPU
		{11763B00-3172-49F9-9FEF-380CBE353CE5}.Debug|Any CPU.Build.0 = Debug|Any CPU
		{11763B00-3172-49F9-9FEF-380CBE353CE5}.Release|Any CPU.ActiveCfg = Release|Any CPU
		{11763B00-3172-49F9-9FEF-380CBE353CE5}.Release|Any CPU.Build.0 = Release|Any CPU
	EndGlobalSection
	GlobalSection(SolutionProperties) = preSolution
		HideSolutionNode = FALSE
	EndGlobalSection
	GlobalSection(ExtensibilityGlobals) = postSolution
		SolutionGuid = {E40713D8-59EF-420E-9626-EF6C50E94636}
	EndGlobalSection
EndGlobal
